
Microsoft Visual Studio Solution File, Format Version 12.00
# Visual Studio 15
VisualStudioVersion = 15.0.28307.421
MinimumVisualStudioVersion = 10.0.40219.1
Project("{FAE04EC0-301F-11D3-BF4B-00C04F79EFBC}") = "Constant", "Constant\Constant.csproj", "{22080179-157B-45F0-837E-732A998D977D}"
EndProject
Global
	GlobalSection(SolutionConfigurationPlatforms) = preSolution
		Debug|Any CPU = Debug|Any CPU
		Release|Any CPU = Release|Any CPU
	EndGlobalSection
	GlobalSection(ProjectConfigurationPlatforms) = postSolution
		{22080179-157B-45F0-837E-732A998D977D}.Debug|Any CPU.ActiveCfg = Debug|Any CPU
		{22080179-157B-45F0-837E-732A998D977D}.Debug|Any CPU.Build.0 = Debug|Any CPU
		{22080179-157B-45F0-837E-732A998D977D}.Release|Any CPU.ActiveCfg = Release|Any CPU
		{22080179-157B-45F0-837E-732A998D977D}.Release|Any CPU.Build.0 = Release|Any CPU
	EndGlobalSection
	GlobalSection(SolutionProperties) = preSolution
		HideSolutionNode = FALSE
	EndGlobalSection
	GlobalSection(ExtensibilityGlobals) = postSolution
		SolutionGuid = {6CB57D93-03F5-42A0-8D08-123D61514C14}
	EndGlobalSection
EndGlobal
