
Microsoft Visual Studio Solution File, Format Version 12.00
# Visual Studio 15
VisualStudioVersion = 15.0.28307.421
MinimumVisualStudioVersion = 10.0.40219.1
Project("{FAE04EC0-301F-11D3-BF4B-00C04F79EFBC}") = "Quiz07-3", "Quiz07-3\Quiz07-3.csproj", "{F5411CC9-34E5-413C-88C2-75A970830601}"
EndProject
Global
	GlobalSection(SolutionConfigurationPlatforms) = preSolution
		Debug|Any CPU = Debug|Any CPU
		Release|Any CPU = Release|Any CPU
	EndGlobalSection
	GlobalSection(ProjectConfigurationPlatforms) = postSolution
		{F5411CC9-34E5-413C-88C2-75A970830601}.Debug|Any CPU.ActiveCfg = Debug|Any CPU
		{F5411CC9-34E5-413C-88C2-75A970830601}.Debug|Any CPU.Build.0 = Debug|Any CPU
		{F5411CC9-34E5-413C-88C2-75A970830601}.Release|Any CPU.ActiveCfg = Release|Any CPU
		{F5411CC9-34E5-413C-88C2-75A970830601}.Release|Any CPU.Build.0 = Release|Any CPU
	EndGlobalSection
	GlobalSection(SolutionProperties) = preSolution
		HideSolutionNode = FALSE
	EndGlobalSection
	GlobalSection(ExtensibilityGlobals) = postSolution
		SolutionGuid = {B133C2A7-73F7-4452-992D-8BC99326FAE9}
	EndGlobalSection
EndGlobal
