
Microsoft Visual Studio Solution File, Format Version 12.00
# Visual Studio 15
VisualStudioVersion = 15.0.28307.539
MinimumVisualStudioVersion = 10.0.40219.1
Project("{FAE04EC0-301F-11D3-BF4B-00C04F79EFBC}") = "DeepQuiz07-1", "DeepQuiz07-1\DeepQuiz07-1.csproj", "{CD7751D5-7843-4819-8C77-C29D18D53970}"
EndProject
Global
	GlobalSection(SolutionConfigurationPlatforms) = preSolution
		Debug|Any CPU = Debug|Any CPU
		Release|Any CPU = Release|Any CPU
	EndGlobalSection
	GlobalSection(ProjectConfigurationPlatforms) = postSolution
		{CD7751D5-7843-4819-8C77-C29D18D53970}.Debug|Any CPU.ActiveCfg = Debug|Any CPU
		{CD7751D5-7843-4819-8C77-C29D18D53970}.Debug|Any CPU.Build.0 = Debug|Any CPU
		{CD7751D5-7843-4819-8C77-C29D18D53970}.Release|Any CPU.ActiveCfg = Release|Any CPU
		{CD7751D5-7843-4819-8C77-C29D18D53970}.Release|Any CPU.Build.0 = Release|Any CPU
	EndGlobalSection
	GlobalSection(SolutionProperties) = preSolution
		HideSolutionNode = FALSE
	EndGlobalSection
	GlobalSection(ExtensibilityGlobals) = postSolution
		SolutionGuid = {EDE4D2FE-0DA9-484B-8255-C898F049E413}
	EndGlobalSection
EndGlobal
